
Microsoft Visual Studio Solution File, Format Version 12.00
# Visual Studio Version 17
VisualStudioVersion = 17.5.002.0
MinimumVisualStudioVersion = 10.0.40219.1
Project("{2150E333-8FDC-42A3-9474-1A3956D46DE8}") = "lesson_4", "lesson_4", "{CB189048-CAE7-42A7-9725-D28644C0E19F}"
EndProject
Project("{9A19103F-16F7-4668-BE54-9A1E7A4F7556}") = "task1", "lesson_4\task1\task1.csproj", "{7DC417AF-7CEE-4C26-9F1F-92208A4E2E5E}"
EndProject
Global
	GlobalSection(SolutionConfigurationPlatforms) = preSolution
		Debug|Any CPU = Debug|Any CPU
		Release|Any CPU = Release|Any CPU
	EndGlobalSection
	GlobalSection(ProjectConfigurationPlatforms) = postSolution
		{7DC417AF-7CEE-4C26-9F1F-92208A4E2E5E}.Debug|Any CPU.ActiveCfg = Debug|Any CPU
		{7DC417AF-7CEE-4C26-9F1F-92208A4E2E5E}.Debug|Any CPU.Build.0 = Debug|Any CPU
		{7DC417AF-7CEE-4C26-9F1F-92208A4E2E5E}.Release|Any CPU.ActiveCfg = Release|Any CPU
		{7DC417AF-7CEE-4C26-9F1F-92208A4E2E5E}.Release|Any CPU.Build.0 = Release|Any CPU
	EndGlobalSection
	GlobalSection(SolutionProperties) = preSolution
		HideSolutionNode = FALSE
	EndGlobalSection
	GlobalSection(NestedProjects) = preSolution
		{7DC417AF-7CEE-4C26-9F1F-92208A4E2E5E} = {CB189048-CAE7-42A7-9725-D28644C0E19F}
	EndGlobalSection
	GlobalSection(ExtensibilityGlobals) = postSolution
		SolutionGuid = {F62A36B3-5A03-4D65-9817-35B745A9F743}
	EndGlobalSection
EndGlobal
